Microsoft Visual Studio Solution File, Format Version 12.00
# Visual Studio Version 17
VisualStudioVersion = 17.5.2.0
MinimumVisualStudioVersion = 10.0.40219.1
Project("{FAE04EC0-301F-11D3-BF4B-00C04F79EFBC}") = "GameNightTrackerAPI", "GameNightTrackerAPI.csproj", "{468A3BF2-D31F-3504-2744-92A3429D374C}"
EndProject
Global
	GlobalSection(SolutionConfigurationPlatforms) = preSolution
		Debug|Any CPU = Debug|Any CPU
		Release|Any CPU = Release|Any CPU
	EndGlobalSection
	GlobalSection(ProjectConfigurationPlatforms) = postSolution
		{468A3BF2-D31F-3504-2744-92A3429D374C}.Debug|Any CPU.ActiveCfg = Debug|Any CPU
		{468A3BF2-D31F-3504-2744-92A3429D374C}.Debug|Any CPU.Build.0 = Debug|Any CPU
		{468A3BF2-D31F-3504-2744-92A3429D374C}.Release|Any CPU.ActiveCfg = Release|Any CPU
		{468A3BF2-D31F-3504-2744-92A3429D374C}.Release|Any CPU.Build.0 = Release|Any CPU
	EndGlobalSection
	GlobalSection(SolutionProperties) = preSolution
		HideSolutionNode = FALSE
	EndGlobalSection
	GlobalSection(ExtensibilityGlobals) = postSolution
		SolutionGuid = {027AE286-D787-4108-A21A-E056940A2172}
	EndGlobalSection
EndGlobal
